
Microsoft Visual Studio Solution File, Format Version 12.00
# Visual Studio Version 16
VisualStudioVersion = 16.0.31424.327
MinimumVisualStudioVersion = 10.0.40219.1
Project("{9A19103F-16F7-4668-BE54-9A1E7A4F7556}") = "MREGodotRuntimeLib", "MREGodotRuntimeLib\MREGodotRuntimeLib.csproj", "{95CF6A2A-8F56-4070-A1DD-F8CA0F7299B7}"
EndProject
Global
	GlobalSection(SolutionConfigurationPlatforms) = preSolution
		Debug|Any CPU = Debug|Any CPU
		ExportDebug|Any CPU = ExportDebug|Any CPU
		ExportRelease|Any CPU = ExportRelease|Any CPU
		Release|Any CPU = Release|Any CPU
	EndGlobalSection
	GlobalSection(ProjectConfigurationPlatforms) = postSolution
		{95CF6A2A-8F56-4070-A1DD-F8CA0F7299B7}.Debug|Any CPU.ActiveCfg = Debug|Any CPU
		{95CF6A2A-8F56-4070-A1DD-F8CA0F7299B7}.Debug|Any CPU.Build.0 = Debug|Any CPU
		{95CF6A2A-8F56-4070-A1DD-F8CA0F7299B7}.ExportDebug|Any CPU.ActiveCfg = ExportDebug|Any CPU
		{95CF6A2A-8F56-4070-A1DD-F8CA0F7299B7}.ExportDebug|Any CPU.Build.0 = ExportDebug|Any CPU
		{95CF6A2A-8F56-4070-A1DD-F8CA0F7299B7}.ExportRelease|Any CPU.ActiveCfg = ExportRelease|Any CPU
		{95CF6A2A-8F56-4070-A1DD-F8CA0F7299B7}.ExportRelease|Any CPU.Build.0 = ExportRelease|Any CPU
		{95CF6A2A-8F56-4070-A1DD-F8CA0F7299B7}.Release|Any CPU.ActiveCfg = ExportRelease|Any CPU
		{95CF6A2A-8F56-4070-A1DD-F8CA0F7299B7}.Release|Any CPU.Build.0 = ExportRelease|Any CPU
		{FBA20F8A-4414-4728-9547-8350258648DB}.Debug|Any CPU.ActiveCfg = Debug|Any CPU
		{FBA20F8A-4414-4728-9547-8350258648DB}.Debug|Any CPU.Build.0 = Debug|Any CPU
		{FBA20F8A-4414-4728-9547-8350258648DB}.ExportDebug|Any CPU.ActiveCfg = ExportDebug|Any CPU
		{FBA20F8A-4414-4728-9547-8350258648DB}.ExportDebug|Any CPU.Build.0 = ExportDebug|Any CPU
		{FBA20F8A-4414-4728-9547-8350258648DB}.ExportRelease|Any CPU.ActiveCfg = ExportRelease|Any CPU
		{FBA20F8A-4414-4728-9547-8350258648DB}.ExportRelease|Any CPU.Build.0 = ExportRelease|Any CPU
		{FBA20F8A-4414-4728-9547-8350258648DB}.Release|Any CPU.ActiveCfg = ExportRelease|Any CPU
		{FBA20F8A-4414-4728-9547-8350258648DB}.Release|Any CPU.Build.0 = ExportRelease|Any CPU
		{F24E881C-1A88-41A3-9CCC-33DE13F08535}.Debug|Any CPU.ActiveCfg = Debug|Any CPU
		{F24E881C-1A88-41A3-9CCC-33DE13F08535}.Debug|Any CPU.Build.0 = Debug|Any CPU
		{F24E881C-1A88-41A3-9CCC-33DE13F08535}.ExportDebug|Any CPU.ActiveCfg = ExportDebug|Any CPU
		{F24E881C-1A88-41A3-9CCC-33DE13F08535}.ExportDebug|Any CPU.Build.0 = ExportDebug|Any CPU
		{F24E881C-1A88-41A3-9CCC-33DE13F08535}.ExportRelease|Any CPU.ActiveCfg = ExportRelease|Any CPU
		{F24E881C-1A88-41A3-9CCC-33DE13F08535}.ExportRelease|Any CPU.Build.0 = ExportRelease|Any CPU
		{F24E881C-1A88-41A3-9CCC-33DE13F08535}.Release|Any CPU.ActiveCfg = ExportRelease|Any CPU
		{F24E881C-1A88-41A3-9CCC-33DE13F08535}.Release|Any CPU.Build.0 = ExportRelease|Any CPU
	EndGlobalSection
	GlobalSection(SolutionProperties) = preSolution
		HideSolutionNode = FALSE
	EndGlobalSection
	GlobalSection(ExtensibilityGlobals) = postSolution
		SolutionGuid = {F8884052-1745-4863-B5EA-E80C2579DE92}
	EndGlobalSection
EndGlobal
