
Microsoft Visual Studio Solution File, Format Version 12.00
# Visual Studio Version 16
VisualStudioVersion = 16.0.30413.136
MinimumVisualStudioVersion = 10.0.40219.1
Project("{9A19103F-16F7-4668-BE54-9A1E7A4F7556}") = "TestBed", "TestBed.csproj", "{3428D467-5457-4F50-9AF3-42C87951E794}"
EndProject
Global
	GlobalSection(SolutionConfigurationPlatforms) = preSolution
		Debug|Any CPU = Debug|Any CPU
		ExportDebug|Any CPU = ExportDebug|Any CPU
		ExportRelease|Any CPU = ExportRelease|Any CPU
	EndGlobalSection
	GlobalSection(ProjectConfigurationPlatforms) = postSolution
		{3428D467-5457-4F50-9AF3-42C87951E794}.Debug|Any CPU.ActiveCfg = Debug|Any CPU
		{3428D467-5457-4F50-9AF3-42C87951E794}.Debug|Any CPU.Build.0 = Debug|Any CPU
		{3428D467-5457-4F50-9AF3-42C87951E794}.ExportDebug|Any CPU.ActiveCfg = ExportDebug|Any CPU
		{3428D467-5457-4F50-9AF3-42C87951E794}.ExportDebug|Any CPU.Build.0 = ExportDebug|Any CPU
		{3428D467-5457-4F50-9AF3-42C87951E794}.ExportRelease|Any CPU.ActiveCfg = ExportRelease|Any CPU
		{3428D467-5457-4F50-9AF3-42C87951E794}.ExportRelease|Any CPU.Build.0 = ExportRelease|Any CPU
	EndGlobalSection
	GlobalSection(SolutionProperties) = preSolution
		HideSolutionNode = FALSE
	EndGlobalSection
	GlobalSection(ExtensibilityGlobals) = postSolution
		SolutionGuid = {26D2E0BA-5E5F-4D9F-B440-BC6A653C0064}
	EndGlobalSection
EndGlobal
